
Microsoft Visual Studio Solution File, Format Version 12.00
# Visual Studio 14
VisualStudioVersion = 14.0.25420.1
MinimumVisualStudioVersion = 10.0.40219.1
Project("{D954291E-2A0B-460D-934E-DC6B0785DB48}") = "SignalR", "SignalR\SignalR\SignalR.shproj", "{5DB42E87-A13F-457F-92C3-2B6C03497C00}"
EndProject
Project("{FAE04EC0-301F-11D3-BF4B-00C04F79EFBC}") = "SignalR.Droid", "SignalR\SignalR.Droid\SignalR.Droid.csproj", "{2F4D882B-2B72-4508-89E4-AFAACBACEA03}"
EndProject
Project("{FAE04EC0-301F-11D3-BF4B-00C04F79EFBC}") = "SignalR.iOS", "SignalR\SignalR.iOS\SignalR.iOS.csproj", "{5822FD4B-ADE2-4B0D-8073-D60593CE9059}"
EndProject
Project("{FAE04EC0-301F-11D3-BF4B-00C04F79EFBC}") = "SignalR.WinPhone", "SignalR\SignalR.WinPhone\SignalR.WinPhone.csproj", "{7BFE8D81-B945-4193-9485-F8B095936E18}"
EndProject
Project("{FAE04EC0-301F-11D3-BF4B-00C04F79EFBC}") = "SignalR.UWP", "SignalR\SignalR.UWP\SignalR.UWP.csproj", "{8F39C73E-36C5-4886-9CE3-53EAD7BCB2B4}"
EndProject
Project("{FAE04EC0-301F-11D3-BF4B-00C04F79EFBC}") = "SignalR.Windows", "SignalR\SignalR.Windows\SignalR.Windows.csproj", "{92D48D02-63FC-48A5-B862-79C65A8E6EAC}"
EndProject
Project("{2150E333-8FDC-42A3-9474-1A3956D46DE8}") = "Server", "Server", "{2BDAF790-FBFA-42EC-8CE5-F09138C64835}"
EndProject
Project("{FAE04EC0-301F-11D3-BF4B-00C04F79EFBC}") = "SignalR.Core", "SignalR.Core\SignalR.Core.csproj", "{005A5B3C-0952-4B2B-8041-B90729BA61D6}"
EndProject
Global
	GlobalSection(SharedMSBuildProjectFiles) = preSolution
		SignalR\SignalR\SignalR.projitems*{5db42e87-a13f-457f-92c3-2b6c03497c00}*SharedItemsImports = 13
		SignalR\SignalR\SignalR.projitems*{7bfe8d81-b945-4193-9485-f8b095936e18}*SharedItemsImports = 4
		SignalR\SignalR\SignalR.projitems*{8f39c73e-36c5-4886-9ce3-53ead7bcb2b4}*SharedItemsImports = 4
		SignalR\SignalR\SignalR.projitems*{92d48d02-63fc-48a5-b862-79c65a8e6eac}*SharedItemsImports = 4
	EndGlobalSection
	GlobalSection(SolutionConfigurationPlatforms) = preSolution
		Ad-Hoc|Any CPU = Ad-Hoc|Any CPU
		Ad-Hoc|ARM = Ad-Hoc|ARM
		Ad-Hoc|iPhone = Ad-Hoc|iPhone
		Ad-Hoc|iPhoneSimulator = Ad-Hoc|iPhoneSimulator
		Ad-Hoc|x64 = Ad-Hoc|x64
		Ad-Hoc|x86 = Ad-Hoc|x86
		AppStore|Any CPU = AppStore|Any CPU
		AppStore|ARM = AppStore|ARM
		AppStore|iPhone = AppStore|iPhone
		AppStore|iPhoneSimulator = AppStore|iPhoneSimulator
		AppStore|x64 = AppStore|x64
		AppStore|x86 = AppStore|x86
		Debug|Any CPU = Debug|Any CPU
		Debug|ARM = Debug|ARM
		Debug|iPhone = Debug|iPhone
		Debug|iPhoneSimulator = Debug|iPhoneSimulator
		Debug|x64 = Debug|x64
		Debug|x86 = Debug|x86
		Release|Any CPU = Release|Any CPU
		Release|ARM = Release|ARM
		Release|iPhone = Release|iPhone
		Release|iPhoneSimulator = Release|iPhoneSimulator
		Release|x64 = Release|x64
		Release|x86 = Release|x86
	EndGlobalSection
	GlobalSection(ProjectConfigurationPlatforms) = postSolution
		{2F4D882B-2B72-4508-89E4-AFAACBACEA03}.Ad-Hoc|Any CPU.ActiveCfg = Release|Any CPU
		{2F4D882B-2B72-4508-89E4-AFAACBACEA03}.Ad-Hoc|Any CPU.Build.0 = Release|Any CPU
		{2F4D882B-2B72-4508-89E4-AFAACBACEA03}.Ad-Hoc|Any CPU.Deploy.0 = Release|Any CPU
		{2F4D882B-2B72-4508-89E4-AFAACBACEA03}.Ad-Hoc|ARM.ActiveCfg = Release|Any CPU
		{2F4D882B-2B72-4508-89E4-AFAACBACEA03}.Ad-Hoc|ARM.Build.0 = Release|Any CPU
		{2F4D882B-2B72-4508-89E4-AFAACBACEA03}.Ad-Hoc|ARM.Deploy.0 = Release|Any CPU
		{2F4D882B-2B72-4508-89E4-AFAACBACEA03}.Ad-Hoc|iPhone.ActiveCfg = Release|Any CPU
		{2F4D882B-2B72-4508-89E4-AFAACBACEA03}.Ad-Hoc|iPhone.Build.0 = Release|Any CPU
		{2F4D882B-2B72-4508-89E4-AFAACBACEA03}.Ad-Hoc|iPhone.Deploy.0 = Release|Any CPU
		{2F4D882B-2B72-4508-89E4-AFAACBACEA03}.Ad-Hoc|iPhoneSimulator.ActiveCfg = Release|Any CPU
		{2F4D882B-2B72-4508-89E4-AFAACBACEA03}.Ad-Hoc|iPhoneSimulator.Build.0 = Release|Any CPU
		{2F4D882B-2B72-4508-89E4-AFAACBACEA03}.Ad-Hoc|iPhoneSimulator.Deploy.0 = Release|Any CPU
		{2F4D882B-2B72-4508-89E4-AFAACBACEA03}.Ad-Hoc|x64.ActiveCfg = Release|Any CPU
		{2F4D882B-2B72-4508-89E4-AFAACBACEA03}.Ad-Hoc|x64.Build.0 = Release|Any CPU
		{2F4D882B-2B72-4508-89E4-AFAACBACEA03}.Ad-Hoc|x64.Deploy.0 = Release|Any CPU
		{2F4D882B-2B72-4508-89E4-AFAACBACEA03}.Ad-Hoc|x86.ActiveCfg = Release|Any CPU
		{2F4D882B-2B72-4508-89E4-AFAACBACEA03}.Ad-Hoc|x86.Build.0 = Release|Any CPU
		{2F4D882B-2B72-4508-89E4-AFAACBACEA03}.Ad-Hoc|x86.Deploy.0 = Release|Any CPU
		{2F4D882B-2B72-4508-89E4-AFAACBACEA03}.AppStore|Any CPU.ActiveCfg = Release|Any CPU
		{2F4D882B-2B72-4508-89E4-AFAACBACEA03}.AppStore|Any CPU.Build.0 = Release|Any CPU
		{2F4D882B-2B72-4508-89E4-AFAACBACEA03}.AppStore|Any CPU.Deploy.0 = Release|Any CPU
		{2F4D882B-2B72-4508-89E4-AFAACBACEA03}.AppStore|ARM.ActiveCfg = Release|Any CPU
		{2F4D882B-2B72-4508-89E4-AFAACBACEA03}.AppStore|ARM.Build.0 = Release|Any CPU
		{2F4D882B-2B72-4508-89E4-AFAACBACEA03}.AppStore|ARM.Deploy.0 = Release|Any CPU
		{2F4D882B-2B72-4508-89E4-AFAACBACEA03}.AppStore|iPhone.ActiveCfg = Release|Any CPU
		{2F4D882B-2B72-4508-89E4-AFAACBACEA03}.AppStore|iPhone.Build.0 = Release|Any CPU
		{2F4D882B-2B72-4508-89E4-AFAACBACEA03}.AppStore|iPhone.Deploy.0 = Release|Any CPU
		{2F4D882B-2B72-4508-89E4-AFAACBACEA03}.AppStore|iPhoneSimulator.ActiveCfg = Release|Any CPU
		{2F4D882B-2B72-4508-89E4-AFAACBACEA03}.AppStore|iPhoneSimulator.Build.0 = Release|Any CPU
		{2F4D882B-2B72-4508-89E4-AFAACBACEA03}.AppStore|iPhoneSimulator.Deploy.0 = Release|Any CPU
		{2F4D882B-2B72-4508-89E4-AFAACBACEA03}.AppStore|x64.ActiveCfg = Release|Any CPU
		{2F4D882B-2B72-4508-89E4-AFAACBACEA03}.AppStore|x64.Build.0 = Release|Any CPU
		{2F4D882B-2B72-4508-89E4-AFAACBACEA03}.AppStore|x64.Deploy.0 = Release|Any CPU
		{2F4D882B-2B72-4508-89E4-AFAACBACEA03}.AppStore|x86.ActiveCfg = Release|Any CPU
		{2F4D882B-2B72-4508-89E4-AFAACBACEA03}.AppStore|x86.Build.0 = Release|Any CPU
		{2F4D882B-2B72-4508-89E4-AFAACBACEA03}.AppStore|x86.Deploy.0 = Release|Any CPU
		{2F4D882B-2B72-4508-89E4-AFAACBACEA03}.Debug|Any CPU.ActiveCfg = Debug|Any CPU
		{2F4D882B-2B72-4508-89E4-AFAACBACEA03}.Debug|Any CPU.Build.0 = Debug|Any CPU
		{2F4D882B-2B72-4508-89E4-AFAACBACEA03}.Debug|Any CPU.Deploy.0 = Debug|Any CPU
		{2F4D882B-2B72-4508-89E4-AFAACBACEA03}.Debug|ARM.ActiveCfg = Debug|Any CPU
		{2F4D882B-2B72-4508-89E4-AFAACBACEA03}.Debug|ARM.Build.0 = Debug|Any CPU
		{2F4D882B-2B72-4508-89E4-AFAACBACEA03}.Debug|ARM.Deploy.0 = Debug|Any CPU
		{2F4D882B-2B72-4508-89E4-AFAACBACEA03}.Debug|iPhone.ActiveCfg = Debug|Any CPU
		{2F4D882B-2B72-4508-89E4-AFAACBACEA03}.Debug|iPhone.Build.0 = Debug|Any CPU
		{2F4D882B-2B72-4508-89E4-AFAACBACEA03}.Debug|iPhone.Deploy.0 = Debug|Any CPU
		{2F4D882B-2B72-4508-89E4-AFAACBACEA03}.Debug|iPhoneSimulator.ActiveCfg = Debug|Any CPU
		{2F4D882B-2B72-4508-89E4-AFAACBACEA03}.Debug|iPhoneSimulator.Build.0 = Debug|Any CPU
		{2F4D882B-2B72-4508-89E4-AFAACBACEA03}.Debug|iPhoneSimulator.Deploy.0 = Debug|Any CPU
		{2F4D882B-2B72-4508-89E4-AFAACBACEA03}.Debug|x64.ActiveCfg = Debug|Any CPU
		{2F4D882B-2B72-4508-89E4-AFAACBACEA03}.Debug|x64.Build.0 = Debug|Any CPU
		{2F4D882B-2B72-4508-89E4-AFAACBACEA03}.Debug|x64.Deploy.0 = Debug|Any CPU
		{2F4D882B-2B72-4508-89E4-AFAACBACEA03}.Debug|x86.ActiveCfg = Debug|Any CPU
		{2F4D882B-2B72-4508-89E4-AFAACBACEA03}.Debug|x86.Build.0 = Debug|Any CPU
		{2F4D882B-2B72-4508-89E4-AFAACBACEA03}.Debug|x86.Deploy.0 = Debug|Any CPU
		{2F4D882B-2B72-4508-89E4-AFAACBACEA03}.Release|Any CPU.ActiveCfg = Release|Any CPU
		{2F4D882B-2B72-4508-89E4-AFAACBACEA03}.Release|Any CPU.Build.0 = Release|Any CPU
		{2F4D882B-2B72-4508-89E4-AFAACBACEA03}.Release|Any CPU.Deploy.0 = Release|Any CPU
		{2F4D882B-2B72-4508-89E4-AFAACBACEA03}.Release|ARM.ActiveCfg = Release|Any CPU
		{2F4D882B-2B72-4508-89E4-AFAACBACEA03}.Release|ARM.Build.0 = Release|Any CPU
		{2F4D882B-2B72-4508-89E4-AFAACBACEA03}.Release|ARM.Deploy.0 = Release|Any CPU
		{2F4D882B-2B72-4508-89E4-AFAACBACEA03}.Release|iPhone.ActiveCfg = Release|Any CPU
		{2F4D882B-2B72-4508-89E4-AFAACBACEA03}.Release|iPhone.Build.0 = Release|Any CPU
		{2F4D882B-2B72-4508-89E4-AFAACBACEA03}.Release|iPhone.Deploy.0 = Release|Any CPU
		{2F4D882B-2B72-4508-89E4-AFAACBACEA03}.Release|iPhoneSimulator.ActiveCfg = Release|Any CPU
		{2F4D882B-2B72-4508-89E4-AFAACBACEA03}.Release|iPhoneSimulator.Build.0 = Release|Any CPU
		{2F4D882B-2B72-4508-89E4-AFAACBACEA03}.Release|iPhoneSimulator.Deploy.0 = Release|Any CPU
		{2F4D882B-2B72-4508-89E4-AFAACBACEA03}.Release|x64.ActiveCfg = Release|Any CPU
		{2F4D882B-2B72-4508-89E4-AFAACBACEA03}.Release|x64.Build.0 = Release|Any CPU
		{2F4D882B-2B72-4508-89E4-AFAACBACEA03}.Release|x64.Deploy.0 = Release|Any CPU
		{2F4D882B-2B72-4508-89E4-AFAACBACEA03}.Release|x86.ActiveCfg = Release|Any CPU
		{2F4D882B-2B72-4508-89E4-AFAACBACEA03}.Release|x86.Build.0 = Release|Any CPU
		{2F4D882B-2B72-4508-89E4-AFAACBACEA03}.Release|x86.Deploy.0 = Release|Any CPU
		{5822FD4B-ADE2-4B0D-8073-D60593CE9059}.Ad-Hoc|Any CPU.ActiveCfg = Ad-Hoc|iPhone
		{5822FD4B-ADE2-4B0D-8073-D60593CE9059}.Ad-Hoc|ARM.ActiveCfg = Ad-Hoc|iPhone
		{5822FD4B-ADE2-4B0D-8073-D60593CE9059}.Ad-Hoc|iPhone.ActiveCfg = Ad-Hoc|iPhone
		{5822FD4B-ADE2-4B0D-8073-D60593CE9059}.Ad-Hoc|iPhone.Build.0 = Ad-Hoc|iPhone
		{5822FD4B-ADE2-4B0D-8073-D60593CE9059}.Ad-Hoc|iPhoneSimulator.ActiveCfg = Ad-Hoc|iPhoneSimulator
		{5822FD4B-ADE2-4B0D-8073-D60593CE9059}.Ad-Hoc|iPhoneSimulator.Build.0 = Ad-Hoc|iPhoneSimulator
		{5822FD4B-ADE2-4B0D-8073-D60593CE9059}.Ad-Hoc|x64.ActiveCfg = Ad-Hoc|iPhone
		{5822FD4B-ADE2-4B0D-8073-D60593CE9059}.Ad-Hoc|x86.ActiveCfg = Ad-Hoc|iPhone
		{5822FD4B-ADE2-4B0D-8073-D60593CE9059}.AppStore|Any CPU.ActiveCfg = AppStore|iPhone
		{5822FD4B-ADE2-4B0D-8073-D60593CE9059}.AppStore|ARM.ActiveCfg = AppStore|iPhone
		{5822FD4B-ADE2-4B0D-8073-D60593CE9059}.AppStore|iPhone.ActiveCfg = AppStore|iPhone
		{5822FD4B-ADE2-4B0D-8073-D60593CE9059}.AppStore|iPhone.Build.0 = AppStore|iPhone
		{5822FD4B-ADE2-4B0D-8073-D60593CE9059}.AppStore|iPhoneSimulator.ActiveCfg = AppStore|iPhoneSimulator
		{5822FD4B-ADE2-4B0D-8073-D60593CE9059}.AppStore|iPhoneSimulator.Build.0 = AppStore|iPhoneSimulator
		{5822FD4B-ADE2-4B0D-8073-D60593CE9059}.AppStore|x64.ActiveCfg = AppStore|iPhone
		{5822FD4B-ADE2-4B0D-8073-D60593CE9059}.AppStore|x86.ActiveCfg = AppStore|iPhone
		{5822FD4B-ADE2-4B0D-8073-D60593CE9059}.Debug|Any CPU.ActiveCfg = Debug|iPhone
		{5822FD4B-ADE2-4B0D-8073-D60593CE9059}.Debug|Any CPU.Build.0 = Debug|iPhone
		{5822FD4B-ADE2-4B0D-8073-D60593CE9059}.Debug|ARM.ActiveCfg = Debug|iPhone
		{5822FD4B-ADE2-4B0D-8073-D60593CE9059}.Debug|iPhone.ActiveCfg = Debug|iPhone
		{5822FD4B-ADE2-4B0D-8073-D60593CE9059}.Debug|iPhone.Build.0 = Debug|iPhone
		{5822FD4B-ADE2-4B0D-8073-D60593CE9059}.Debug|iPhoneSimulator.ActiveCfg = Debug|iPhoneSimulator
		{5822FD4B-ADE2-4B0D-8073-D60593CE9059}.Debug|iPhoneSimulator.Build.0 = Debug|iPhoneSimulator
		{5822FD4B-ADE2-4B0D-8073-D60593CE9059}.Debug|x64.ActiveCfg = Debug|iPhone
		{5822FD4B-ADE2-4B0D-8073-D60593CE9059}.Debug|x86.ActiveCfg = Debug|iPhone
		{5822FD4B-ADE2-4B0D-8073-D60593CE9059}.Release|Any CPU.ActiveCfg = Release|iPhone
		{5822FD4B-ADE2-4B0D-8073-D60593CE9059}.Release|ARM.ActiveCfg = Release|iPhone
		{5822FD4B-ADE2-4B0D-8073-D60593CE9059}.Release|iPhone.ActiveCfg = Release|iPhone
		{5822FD4B-ADE2-4B0D-8073-D60593CE9059}.Release|iPhone.Build.0 = Release|iPhone
		{5822FD4B-ADE2-4B0D-8073-D60593CE9059}.Release|iPhoneSimulator.ActiveCfg = Release|iPhoneSimulator
		{5822FD4B-ADE2-4B0D-8073-D60593CE9059}.Release|iPhoneSimulator.Build.0 = Release|iPhoneSimulator
		{5822FD4B-ADE2-4B0D-8073-D60593CE9059}.Release|x64.ActiveCfg = Release|iPhone
		{5822FD4B-ADE2-4B0D-8073-D60593CE9059}.Release|x86.ActiveCfg = Release|iPhone
		{7BFE8D81-B945-4193-9485-F8B095936E18}.Ad-Hoc|Any CPU.ActiveCfg = Release|Any CPU
		{7BFE8D81-B945-4193-9485-F8B095936E18}.Ad-Hoc|Any CPU.Build.0 = Release|Any CPU
		{7BFE8D81-B945-4193-9485-F8B095936E18}.Ad-Hoc|Any CPU.Deploy.0 = Release|Any CPU
		{7BFE8D81-B945-4193-9485-F8B095936E18}.Ad-Hoc|ARM.ActiveCfg = Release|ARM
		{7BFE8D81-B945-4193-9485-F8B095936E18}.Ad-Hoc|ARM.Build.0 = Release|ARM
		{7BFE8D81-B945-4193-9485-F8B095936E18}.Ad-Hoc|ARM.Deploy.0 = Release|ARM
		{7BFE8D81-B945-4193-9485-F8B095936E18}.Ad-Hoc|iPhone.ActiveCfg = Release|Any CPU
		{7BFE8D81-B945-4193-9485-F8B095936E18}.Ad-Hoc|iPhone.Build.0 = Release|Any CPU
		{7BFE8D81-B945-4193-9485-F8B095936E18}.Ad-Hoc|iPhone.Deploy.0 = Release|Any CPU
		{7BFE8D81-B945-4193-9485-F8B095936E18}.Ad-Hoc|iPhoneSimulator.ActiveCfg = Release|Any CPU
		{7BFE8D81-B945-4193-9485-F8B095936E18}.Ad-Hoc|iPhoneSimulator.Build.0 = Release|Any CPU
		{7BFE8D81-B945-4193-9485-F8B095936E18}.Ad-Hoc|iPhoneSimulator.Deploy.0 = Release|Any CPU
		{7BFE8D81-B945-4193-9485-F8B095936E18}.Ad-Hoc|x64.ActiveCfg = Release|Any CPU
		{7BFE8D81-B945-4193-9485-F8B095936E18}.Ad-Hoc|x64.Build.0 = Release|Any CPU
		{7BFE8D81-B945-4193-9485-F8B095936E18}.Ad-Hoc|x64.Deploy.0 = Release|Any CPU
		{7BFE8D81-B945-4193-9485-F8B095936E18}.Ad-Hoc|x86.ActiveCfg = Release|x86
		{7BFE8D81-B945-4193-9485-F8B095936E18}.Ad-Hoc|x86.Build.0 = Release|x86
		{7BFE8D81-B945-4193-9485-F8B095936E18}.Ad-Hoc|x86.Deploy.0 = Release|x86
		{7BFE8D81-B945-4193-9485-F8B095936E18}.AppStore|Any CPU.ActiveCfg = Release|Any CPU
		{7BFE8D81-B945-4193-9485-F8B095936E18}.AppStore|Any CPU.Build.0 = Release|Any CPU
		{7BFE8D81-B945-4193-9485-F8B095936E18}.AppStore|Any CPU.Deploy.0 = Release|Any CPU
		{7BFE8D81-B945-4193-9485-F8B095936E18}.AppStore|ARM.ActiveCfg = Release|ARM
		{7BFE8D81-B945-4193-9485-F8B095936E18}.AppStore|ARM.Build.0 = Release|ARM
		{7BFE8D81-B945-4193-9485-F8B095936E18}.AppStore|ARM.Deploy.0 = Release|ARM
		{7BFE8D81-B945-4193-9485-F8B095936E18}.AppStore|iPhone.ActiveCfg = Release|Any CPU
		{7BFE8D81-B945-4193-9485-F8B095936E18}.AppStore|iPhone.Build.0 = Release|Any CPU
		{7BFE8D81-B945-4193-9485-F8B095936E18}.AppStore|iPhone.Deploy.0 = Release|Any CPU
		{7BFE8D81-B945-4193-9485-F8B095936E18}.AppStore|iPhoneSimulator.ActiveCfg = Release|Any CPU
		{7BFE8D81-B945-4193-9485-F8B095936E18}.AppStore|iPhoneSimulator.Build.0 = Release|Any CPU
		{7BFE8D81-B945-4193-9485-F8B095936E18}.AppStore|iPhoneSimulator.Deploy.0 = Release|Any CPU
		{7BFE8D81-B945-4193-9485-F8B095936E18}.AppStore|x64.ActiveCfg = Release|Any CPU
		{7BFE8D81-B945-4193-9485-F8B095936E18}.AppStore|x64.Build.0 = Release|Any CPU
		{7BFE8D81-B945-4193-9485-F8B095936E18}.AppStore|x64.Deploy.0 = Release|Any CPU
		{7BFE8D81-B945-4193-9485-F8B095936E18}.AppStore|x86.ActiveCfg = Release|x86
		{7BFE8D81-B945-4193-9485-F8B095936E18}.AppStore|x86.Build.0 = Release|x86
		{7BFE8D81-B945-4193-9485-F8B095936E18}.AppStore|x86.Deploy.0 = Release|x86
		{7BFE8D81-B945-4193-9485-F8B095936E18}.Debug|Any CPU.ActiveCfg = Debug|Any CPU
		{7BFE8D81-B945-4193-9485-F8B095936E18}.Debug|Any CPU.Build.0 = Debug|Any CPU
		{7BFE8D81-B945-4193-9485-F8B095936E18}.Debug|Any CPU.Deploy.0 = Debug|Any CPU
		{7BFE8D81-B945-4193-9485-F8B095936E18}.Debug|ARM.ActiveCfg = Debug|ARM
		{7BFE8D81-B945-4193-9485-F8B095936E18}.Debug|ARM.Build.0 = Debug|ARM
		{7BFE8D81-B945-4193-9485-F8B095936E18}.Debug|ARM.Deploy.0 = Debug|ARM
		{7BFE8D81-B945-4193-9485-F8B095936E18}.Debug|iPhone.ActiveCfg = Debug|Any CPU
		{7BFE8D81-B945-4193-9485-F8B095936E18}.Debug|iPhone.Build.0 = Debug|Any CPU
		{7BFE8D81-B945-4193-9485-F8B095936E18}.Debug|iPhone.Deploy.0 = Debug|Any CPU
		{7BFE8D81-B945-4193-9485-F8B095936E18}.Debug|iPhoneSimulator.ActiveCfg = Debug|Any CPU
		{7BFE8D81-B945-4193-9485-F8B095936E18}.Debug|iPhoneSimulator.Build.0 = Debug|Any CPU
		{7BFE8D81-B945-4193-9485-F8B095936E18}.Debug|iPhoneSimulator.Deploy.0 = Debug|Any CPU
		{7BFE8D81-B945-4193-9485-F8B095936E18}.Debug|x64.ActiveCfg = Debug|Any CPU
		{7BFE8D81-B945-4193-9485-F8B095936E18}.Debug|x64.Build.0 = Debug|Any CPU
		{7BFE8D81-B945-4193-9485-F8B095936E18}.Debug|x64.Deploy.0 = Debug|Any CPU
		{7BFE8D81-B945-4193-9485-F8B095936E18}.Debug|x86.ActiveCfg = Debug|x86
		{7BFE8D81-B945-4193-9485-F8B095936E18}.Debug|x86.Build.0 = Debug|x86
		{7BFE8D81-B945-4193-9485-F8B095936E18}.Debug|x86.Deploy.0 = Debug|x86
		{7BFE8D81-B945-4193-9485-F8B095936E18}.Release|Any CPU.ActiveCfg = Release|Any CPU
		{7BFE8D81-B945-4193-9485-F8B095936E18}.Release|Any CPU.Build.0 = Release|Any CPU
		{7BFE8D81-B945-4193-9485-F8B095936E18}.Release|Any CPU.Deploy.0 = Release|Any CPU
		{7BFE8D81-B945-4193-9485-F8B095936E18}.Release|ARM.ActiveCfg = Release|ARM
		{7BFE8D81-B945-4193-9485-F8B095936E18}.Release|ARM.Build.0 = Release|ARM
		{7BFE8D81-B945-4193-9485-F8B095936E18}.Release|ARM.Deploy.0 = Release|ARM
		{7BFE8D81-B945-4193-9485-F8B095936E18}.Release|iPhone.ActiveCfg = Release|Any CPU
		{7BFE8D81-B945-4193-9485-F8B095936E18}.Release|iPhone.Build.0 = Release|Any CPU
		{7BFE8D81-B945-4193-9485-F8B095936E18}.Release|iPhone.Deploy.0 = Release|Any CPU
		{7BFE8D81-B945-4193-9485-F8B095936E18}.Release|iPhoneSimulator.ActiveCfg = Release|Any CPU
		{7BFE8D81-B945-4193-9485-F8B095936E18}.Release|iPhoneSimulator.Build.0 = Release|Any CPU
		{7BFE8D81-B945-4193-9485-F8B095936E18}.Release|iPhoneSimulator.Deploy.0 = Release|Any CPU
		{7BFE8D81-B945-4193-9485-F8B095936E18}.Release|x64.ActiveCfg = Release|Any CPU
		{7BFE8D81-B945-4193-9485-F8B095936E18}.Release|x64.Build.0 = Release|Any CPU
		{7BFE8D81-B945-4193-9485-F8B095936E18}.Release|x64.Deploy.0 = Release|Any CPU
		{7BFE8D81-B945-4193-9485-F8B095936E18}.Release|x86.ActiveCfg = Release|x86
		{7BFE8D81-B945-4193-9485-F8B095936E18}.Release|x86.Build.0 = Release|x86
		{7BFE8D81-B945-4193-9485-F8B095936E18}.Release|x86.Deploy.0 = Release|x86
		{8F39C73E-36C5-4886-9CE3-53EAD7BCB2B4}.Ad-Hoc|Any CPU.ActiveCfg = Release|x86
		{8F39C73E-36C5-4886-9CE3-53EAD7BCB2B4}.Ad-Hoc|Any CPU.Build.0 = Release|x86
		{8F39C73E-36C5-4886-9CE3-53EAD7BCB2B4}.Ad-Hoc|Any CPU.Deploy.0 = Release|x86
		{8F39C73E-36C5-4886-9CE3-53EAD7BCB2B4}.Ad-Hoc|ARM.ActiveCfg = Release|ARM
		{8F39C73E-36C5-4886-9CE3-53EAD7BCB2B4}.Ad-Hoc|ARM.Build.0 = Release|ARM
		{8F39C73E-36C5-4886-9CE3-53EAD7BCB2B4}.Ad-Hoc|ARM.Deploy.0 = Release|ARM
		{8F39C73E-36C5-4886-9CE3-53EAD7BCB2B4}.Ad-Hoc|iPhone.ActiveCfg = Release|x86
		{8F39C73E-36C5-4886-9CE3-53EAD7BCB2B4}.Ad-Hoc|iPhone.Build.0 = Release|x86
		{8F39C73E-36C5-4886-9CE3-53EAD7BCB2B4}.Ad-Hoc|iPhone.Deploy.0 = Release|x86
		{8F39C73E-36C5-4886-9CE3-53EAD7BCB2B4}.Ad-Hoc|iPhoneSimulator.ActiveCfg = Release|x86
		{8F39C73E-36C5-4886-9CE3-53EAD7BCB2B4}.Ad-Hoc|iPhoneSimulator.Build.0 = Release|x86
		{8F39C73E-36C5-4886-9CE3-53EAD7BCB2B4}.Ad-Hoc|iPhoneSimulator.Deploy.0 = Release|x86
		{8F39C73E-36C5-4886-9CE3-53EAD7BCB2B4}.Ad-Hoc|x64.ActiveCfg = Release|x64
		{8F39C73E-36C5-4886-9CE3-53EAD7BCB2B4}.Ad-Hoc|x64.Build.0 = Release|x64
		{8F39C73E-36C5-4886-9CE3-53EAD7BCB2B4}.Ad-Hoc|x64.Deploy.0 = Release|x64
		{8F39C73E-36C5-4886-9CE3-53EAD7BCB2B4}.Ad-Hoc|x86.ActiveCfg = Release|x86
		{8F39C73E-36C5-4886-9CE3-53EAD7BCB2B4}.Ad-Hoc|x86.Build.0 = Release|x86
		{8F39C73E-36C5-4886-9CE3-53EAD7BCB2B4}.Ad-Hoc|x86.Deploy.0 = Release|x86
		{8F39C73E-36C5-4886-9CE3-53EAD7BCB2B4}.AppStore|Any CPU.ActiveCfg = Release|x86
		{8F39C73E-36C5-4886-9CE3-53EAD7BCB2B4}.AppStore|Any CPU.Build.0 = Release|x86
		{8F39C73E-36C5-4886-9CE3-53EAD7BCB2B4}.AppStore|Any CPU.Deploy.0 = Release|x86
		{8F39C73E-36C5-4886-9CE3-53EAD7BCB2B4}.AppStore|ARM.ActiveCfg = Release|ARM
		{8F39C73E-36C5-4886-9CE3-53EAD7BCB2B4}.AppStore|ARM.Build.0 = Release|ARM
		{8F39C73E-36C5-4886-9CE3-53EAD7BCB2B4}.AppStore|ARM.Deploy.0 = Release|ARM
		{8F39C73E-36C5-4886-9CE3-53EAD7BCB2B4}.AppStore|iPhone.ActiveCfg = Release|x86
		{8F39C73E-36C5-4886-9CE3-53EAD7BCB2B4}.AppStore|iPhone.Build.0 = Release|x86
		{8F39C73E-36C5-4886-9CE3-53EAD7BCB2B4}.AppStore|iPhone.Deploy.0 = Release|x86
		{8F39C73E-36C5-4886-9CE3-53EAD7BCB2B4}.AppStore|iPhoneSimulator.ActiveCfg = Release|x86
		{8F39C73E-36C5-4886-9CE3-53EAD7BCB2B4}.AppStore|iPhoneSimulator.Build.0 = Release|x86
		{8F39C73E-36C5-4886-9CE3-53EAD7BCB2B4}.AppStore|iPhoneSimulator.Deploy.0 = Release|x86
		{8F39C73E-36C5-4886-9CE3-53EAD7BCB2B4}.AppStore|x64.ActiveCfg = Release|x64
		{8F39C73E-36C5-4886-9CE3-53EAD7BCB2B4}.AppStore|x64.Build.0 = Release|x64
		{8F39C73E-36C5-4886-9CE3-53EAD7BCB2B4}.AppStore|x64.Deploy.0 = Release|x64
		{8F39C73E-36C5-4886-9CE3-53EAD7BCB2B4}.AppStore|x86.ActiveCfg = Release|x86
		{8F39C73E-36C5-4886-9CE3-53EAD7BCB2B4}.AppStore|x86.Build.0 = Release|x86
		{8F39C73E-36C5-4886-9CE3-53EAD7BCB2B4}.AppStore|x86.Deploy.0 = Release|x86
		{8F39C73E-36C5-4886-9CE3-53EAD7BCB2B4}.Debug|Any CPU.ActiveCfg = Debug|x64
		{8F39C73E-36C5-4886-9CE3-53EAD7BCB2B4}.Debug|Any CPU.Build.0 = Debug|x64
		{8F39C73E-36C5-4886-9CE3-53EAD7BCB2B4}.Debug|Any CPU.Deploy.0 = Debug|x64
		{8F39C73E-36C5-4886-9CE3-53EAD7BCB2B4}.Debug|ARM.ActiveCfg = Debug|ARM
		{8F39C73E-36C5-4886-9CE3-53EAD7BCB2B4}.Debug|ARM.Build.0 = Debug|ARM
		{8F39C73E-36C5-4886-9CE3-53EAD7BCB2B4}.Debug|ARM.Deploy.0 = Debug|ARM
		{8F39C73E-36C5-4886-9CE3-53EAD7BCB2B4}.Debug|iPhone.ActiveCfg = Debug|x86
		{8F39C73E-36C5-4886-9CE3-53EAD7BCB2B4}.Debug|iPhone.Build.0 = Debug|x86
		{8F39C73E-36C5-4886-9CE3-53EAD7BCB2B4}.Debug|iPhone.Deploy.0 = Debug|x86
		{8F39C73E-36C5-4886-9CE3-53EAD7BCB2B4}.Debug|iPhoneSimulator.ActiveCfg = Debug|x86
		{8F39C73E-36C5-4886-9CE3-53EAD7BCB2B4}.Debug|x64.ActiveCfg = Debug|x64
		{8F39C73E-36C5-4886-9CE3-53EAD7BCB2B4}.Debug|x64.Build.0 = Debug|x64
		{8F39C73E-36C5-4886-9CE3-53EAD7BCB2B4}.Debug|x64.Deploy.0 = Debug|x64
		{8F39C73E-36C5-4886-9CE3-53EAD7BCB2B4}.Debug|x86.ActiveCfg = Debug|x86
		{8F39C73E-36C5-4886-9CE3-53EAD7BCB2B4}.Debug|x86.Build.0 = Debug|x86
		{8F39C73E-36C5-4886-9CE3-53EAD7BCB2B4}.Debug|x86.Deploy.0 = Debug|x86
		{8F39C73E-36C5-4886-9CE3-53EAD7BCB2B4}.Release|Any CPU.ActiveCfg = Release|x86
		{8F39C73E-36C5-4886-9CE3-53EAD7BCB2B4}.Release|ARM.ActiveCfg = Release|ARM
		{8F39C73E-36C5-4886-9CE3-53EAD7BCB2B4}.Release|ARM.Build.0 = Release|ARM
		{8F39C73E-36C5-4886-9CE3-53EAD7BCB2B4}.Release|ARM.Deploy.0 = Release|ARM
		{8F39C73E-36C5-4886-9CE3-53EAD7BCB2B4}.Release|iPhone.ActiveCfg = Release|x86
		{8F39C73E-36C5-4886-9CE3-53EAD7BCB2B4}.Release|iPhoneSimulator.ActiveCfg = Release|x86
		{8F39C73E-36C5-4886-9CE3-53EAD7BCB2B4}.Release|x64.ActiveCfg = Release|x64
		{8F39C73E-36C5-4886-9CE3-53EAD7BCB2B4}.Release|x64.Build.0 = Release|x64
		{8F39C73E-36C5-4886-9CE3-53EAD7BCB2B4}.Release|x64.Deploy.0 = Release|x64
		{8F39C73E-36C5-4886-9CE3-53EAD7BCB2B4}.Release|x86.ActiveCfg = Release|x86
		{8F39C73E-36C5-4886-9CE3-53EAD7BCB2B4}.Release|x86.Build.0 = Release|x86
		{8F39C73E-36C5-4886-9CE3-53EAD7BCB2B4}.Release|x86.Deploy.0 = Release|x86
		{92D48D02-63FC-48A5-B862-79C65A8E6EAC}.Ad-Hoc|Any CPU.ActiveCfg = Release|Any CPU
		{92D48D02-63FC-48A5-B862-79C65A8E6EAC}.Ad-Hoc|Any CPU.Build.0 = Release|Any CPU
		{92D48D02-63FC-48A5-B862-79C65A8E6EAC}.Ad-Hoc|Any CPU.Deploy.0 = Release|Any CPU
		{92D48D02-63FC-48A5-B862-79C65A8E6EAC}.Ad-Hoc|ARM.ActiveCfg = Release|ARM
		{92D48D02-63FC-48A5-B862-79C65A8E6EAC}.Ad-Hoc|ARM.Build.0 = Release|ARM
		{92D48D02-63FC-48A5-B862-79C65A8E6EAC}.Ad-Hoc|ARM.Deploy.0 = Release|ARM
		{92D48D02-63FC-48A5-B862-79C65A8E6EAC}.Ad-Hoc|iPhone.ActiveCfg = Release|Any CPU
		{92D48D02-63FC-48A5-B862-79C65A8E6EAC}.Ad-Hoc|iPhone.Build.0 = Release|Any CPU
		{92D48D02-63FC-48A5-B862-79C65A8E6EAC}.Ad-Hoc|iPhone.Deploy.0 = Release|Any CPU
		{92D48D02-63FC-48A5-B862-79C65A8E6EAC}.Ad-Hoc|iPhoneSimulator.ActiveCfg = Release|Any CPU
		{92D48D02-63FC-48A5-B862-79C65A8E6EAC}.Ad-Hoc|iPhoneSimulator.Build.0 = Release|Any CPU
		{92D48D02-63FC-48A5-B862-79C65A8E6EAC}.Ad-Hoc|iPhoneSimulator.Deploy.0 = Release|Any CPU
		{92D48D02-63FC-48A5-B862-79C65A8E6EAC}.Ad-Hoc|x64.ActiveCfg = Release|x64
		{92D48D02-63FC-48A5-B862-79C65A8E6EAC}.Ad-Hoc|x64.Build.0 = Release|x64
		{92D48D02-63FC-48A5-B862-79C65A8E6EAC}.Ad-Hoc|x64.Deploy.0 = Release|x64
		{92D48D02-63FC-48A5-B862-79C65A8E6EAC}.Ad-Hoc|x86.ActiveCfg = Release|x86
		{92D48D02-63FC-48A5-B862-79C65A8E6EAC}.Ad-Hoc|x86.Build.0 = Release|x86
		{92D48D02-63FC-48A5-B862-79C65A8E6EAC}.Ad-Hoc|x86.Deploy.0 = Release|x86
		{92D48D02-63FC-48A5-B862-79C65A8E6EAC}.AppStore|Any CPU.ActiveCfg = Release|Any CPU
		{92D48D02-63FC-48A5-B862-79C65A8E6EAC}.AppStore|Any CPU.Build.0 = Release|Any CPU
		{92D48D02-63FC-48A5-B862-79C65A8E6EAC}.AppStore|Any CPU.Deploy.0 = Release|Any CPU
		{92D48D02-63FC-48A5-B862-79C65A8E6EAC}.AppStore|ARM.ActiveCfg = Release|ARM
		{92D48D02-63FC-48A5-B862-79C65A8E6EAC}.AppStore|ARM.Build.0 = Release|ARM
		{92D48D02-63FC-48A5-B862-79C65A8E6EAC}.AppStore|ARM.Deploy.0 = Release|ARM
		{92D48D02-63FC-48A5-B862-79C65A8E6EAC}.AppStore|iPhone.ActiveCfg = Release|Any CPU
		{92D48D02-63FC-48A5-B862-79C65A8E6EAC}.AppStore|iPhone.Build.0 = Release|Any CPU
		{92D48D02-63FC-48A5-B862-79C65A8E6EAC}.AppStore|iPhone.Deploy.0 = Release|Any CPU
		{92D48D02-63FC-48A5-B862-79C65A8E6EAC}.AppStore|iPhoneSimulator.ActiveCfg = Release|Any CPU
		{92D48D02-63FC-48A5-B862-79C65A8E6EAC}.AppStore|iPhoneSimulator.Build.0 = Release|Any CPU
		{92D48D02-63FC-48A5-B862-79C65A8E6EAC}.AppStore|iPhoneSimulator.Deploy.0 = Release|Any CPU
		{92D48D02-63FC-48A5-B862-79C65A8E6EAC}.AppStore|x64.ActiveCfg = Release|x64
		{92D48D02-63FC-48A5-B862-79C65A8E6EAC}.AppStore|x64.Build.0 = Release|x64
		{92D48D02-63FC-48A5-B862-79C65A8E6EAC}.AppStore|x64.Deploy.0 = Release|x64
		{92D48D02-63FC-48A5-B862-79C65A8E6EAC}.AppStore|x86.ActiveCfg = Release|x86
		{92D48D02-63FC-48A5-B862-79C65A8E6EAC}.AppStore|x86.Build.0 = Release|x86
		{92D48D02-63FC-48A5-B862-79C65A8E6EAC}.AppStore|x86.Deploy.0 = Release|x86
		{92D48D02-63FC-48A5-B862-79C65A8E6EAC}.Debug|Any CPU.ActiveCfg = Debug|Any CPU
		{92D48D02-63FC-48A5-B862-79C65A8E6EAC}.Debug|Any CPU.Build.0 = Debug|Any CPU
		{92D48D02-63FC-48A5-B862-79C65A8E6EAC}.Debug|Any CPU.Deploy.0 = Debug|Any CPU
		{92D48D02-63FC-48A5-B862-79C65A8E6EAC}.Debug|ARM.ActiveCfg = Debug|ARM
		{92D48D02-63FC-48A5-B862-79C65A8E6EAC}.Debug|ARM.Build.0 = Debug|ARM
		{92D48D02-63FC-48A5-B862-79C65A8E6EAC}.Debug|ARM.Deploy.0 = Debug|ARM
		{92D48D02-63FC-48A5-B862-79C65A8E6EAC}.Debug|iPhone.ActiveCfg = Debug|Any CPU
		{92D48D02-63FC-48A5-B862-79C65A8E6EAC}.Debug|iPhone.Build.0 = Debug|Any CPU
		{92D48D02-63FC-48A5-B862-79C65A8E6EAC}.Debug|iPhone.Deploy.0 = Debug|Any CPU
		{92D48D02-63FC-48A5-B862-79C65A8E6EAC}.Debug|iPhoneSimulator.ActiveCfg = Debug|Any CPU
		{92D48D02-63FC-48A5-B862-79C65A8E6EAC}.Debug|iPhoneSimulator.Build.0 = Debug|Any CPU
		{92D48D02-63FC-48A5-B862-79C65A8E6EAC}.Debug|iPhoneSimulator.Deploy.0 = Debug|Any CPU
		{92D48D02-63FC-48A5-B862-79C65A8E6EAC}.Debug|x64.ActiveCfg = Debug|x64
		{92D48D02-63FC-48A5-B862-79C65A8E6EAC}.Debug|x64.Build.0 = Debug|x64
		{92D48D02-63FC-48A5-B862-79C65A8E6EAC}.Debug|x64.Deploy.0 = Debug|x64
		{92D48D02-63FC-48A5-B862-79C65A8E6EAC}.Debug|x86.ActiveCfg = Debug|x86
		{92D48D02-63FC-48A5-B862-79C65A8E6EAC}.Debug|x86.Build.0 = Debug|x86
		{92D48D02-63FC-48A5-B862-79C65A8E6EAC}.Debug|x86.Deploy.0 = Debug|x86
		{92D48D02-63FC-48A5-B862-79C65A8E6EAC}.Release|Any CPU.ActiveCfg = Release|Any CPU
		{92D48D02-63FC-48A5-B862-79C65A8E6EAC}.Release|Any CPU.Build.0 = Release|Any CPU
		{92D48D02-63FC-48A5-B862-79C65A8E6EAC}.Release|Any CPU.Deploy.0 = Release|Any CPU
		{92D48D02-63FC-48A5-B862-79C65A8E6EAC}.Release|ARM.ActiveCfg = Release|ARM
		{92D48D02-63FC-48A5-B862-79C65A8E6EAC}.Release|ARM.Build.0 = Release|ARM
		{92D48D02-63FC-48A5-B862-79C65A8E6EAC}.Release|ARM.Deploy.0 = Release|ARM
		{92D48D02-63FC-48A5-B862-79C65A8E6EAC}.Release|iPhone.ActiveCfg = Release|Any CPU
		{92D48D02-63FC-48A5-B862-79C65A8E6EAC}.Release|iPhone.Build.0 = Release|Any CPU
		{92D48D02-63FC-48A5-B862-79C65A8E6EAC}.Release|iPhone.Deploy.0 = Release|Any CPU
		{92D48D02-63FC-48A5-B862-79C65A8E6EAC}.Release|iPhoneSimulator.ActiveCfg = Release|Any CPU
		{92D48D02-63FC-48A5-B862-79C65A8E6EAC}.Release|iPhoneSimulator.Build.0 = Release|Any CPU
		{92D48D02-63FC-48A5-B862-79C65A8E6EAC}.Release|iPhoneSimulator.Deploy.0 = Release|Any CPU
		{92D48D02-63FC-48A5-B862-79C65A8E6EAC}.Release|x64.ActiveCfg = Release|x64
		{92D48D02-63FC-48A5-B862-79C65A8E6EAC}.Release|x64.Build.0 = Release|x64
		{92D48D02-63FC-48A5-B862-79C65A8E6EAC}.Release|x64.Deploy.0 = Release|x64
		{92D48D02-63FC-48A5-B862-79C65A8E6EAC}.Release|x86.ActiveCfg = Release|x86
		{92D48D02-63FC-48A5-B862-79C65A8E6EAC}.Release|x86.Build.0 = Release|x86
		{92D48D02-63FC-48A5-B862-79C65A8E6EAC}.Release|x86.Deploy.0 = Release|x86
		{005A5B3C-0952-4B2B-8041-B90729BA61D6}.Ad-Hoc|Any CPU.ActiveCfg = Release|Any CPU
		{005A5B3C-0952-4B2B-8041-B90729BA61D6}.Ad-Hoc|Any CPU.Build.0 = Release|Any CPU
		{005A5B3C-0952-4B2B-8041-B90729BA61D6}.Ad-Hoc|ARM.ActiveCfg = Release|Any CPU
		{005A5B3C-0952-4B2B-8041-B90729BA61D6}.Ad-Hoc|ARM.Build.0 = Release|Any CPU
		{005A5B3C-0952-4B2B-8041-B90729BA61D6}.Ad-Hoc|iPhone.ActiveCfg = Release|Any CPU
		{005A5B3C-0952-4B2B-8041-B90729BA61D6}.Ad-Hoc|iPhone.Build.0 = Release|Any CPU
		{005A5B3C-0952-4B2B-8041-B90729BA61D6}.Ad-Hoc|iPhoneSimulator.ActiveCfg = Release|Any CPU
		{005A5B3C-0952-4B2B-8041-B90729BA61D6}.Ad-Hoc|iPhoneSimulator.Build.0 = Release|Any CPU
		{005A5B3C-0952-4B2B-8041-B90729BA61D6}.Ad-Hoc|x64.ActiveCfg = Release|Any CPU
		{005A5B3C-0952-4B2B-8041-B90729BA61D6}.Ad-Hoc|x64.Build.0 = Release|Any CPU
		{005A5B3C-0952-4B2B-8041-B90729BA61D6}.Ad-Hoc|x86.ActiveCfg = Release|Any CPU
		{005A5B3C-0952-4B2B-8041-B90729BA61D6}.Ad-Hoc|x86.Build.0 = Release|Any CPU
		{005A5B3C-0952-4B2B-8041-B90729BA61D6}.AppStore|Any CPU.ActiveCfg = Release|Any CPU
		{005A5B3C-0952-4B2B-8041-B90729BA61D6}.AppStore|Any CPU.Build.0 = Release|Any CPU
		{005A5B3C-0952-4B2B-8041-B90729BA61D6}.AppStore|ARM.ActiveCfg = Release|Any CPU
		{005A5B3C-0952-4B2B-8041-B90729BA61D6}.AppStore|ARM.Build.0 = Release|Any CPU
		{005A5B3C-0952-4B2B-8041-B90729BA61D6}.AppStore|iPhone.ActiveCfg = Release|Any CPU
		{005A5B3C-0952-4B2B-8041-B90729BA61D6}.AppStore|iPhone.Build.0 = Release|Any CPU
		{005A5B3C-0952-4B2B-8041-B90729BA61D6}.AppStore|iPhoneSimulator.ActiveCfg = Release|Any CPU
		{005A5B3C-0952-4B2B-8041-B90729BA61D6}.AppStore|iPhoneSimulator.Build.0 = Release|Any CPU
		{005A5B3C-0952-4B2B-8041-B90729BA61D6}.AppStore|x64.ActiveCfg = Release|Any CPU
		{005A5B3C-0952-4B2B-8041-B90729BA61D6}.AppStore|x64.Build.0 = Release|Any CPU
		{005A5B3C-0952-4B2B-8041-B90729BA61D6}.AppStore|x86.ActiveCfg = Release|Any CPU
		{005A5B3C-0952-4B2B-8041-B90729BA61D6}.AppStore|x86.Build.0 = Release|Any CPU
		{005A5B3C-0952-4B2B-8041-B90729BA61D6}.Debug|Any CPU.ActiveCfg = Debug|Any CPU
		{005A5B3C-0952-4B2B-8041-B90729BA61D6}.Debug|Any CPU.Build.0 = Debug|Any CPU
		{005A5B3C-0952-4B2B-8041-B90729BA61D6}.Debug|ARM.ActiveCfg = Debug|Any CPU
		{005A5B3C-0952-4B2B-8041-B90729BA61D6}.Debug|ARM.Build.0 = Debug|Any CPU
		{005A5B3C-0952-4B2B-8041-B90729BA61D6}.Debug|iPhone.ActiveCfg = Debug|Any CPU
		{005A5B3C-0952-4B2B-8041-B90729BA61D6}.Debug|iPhone.Build.0 = Debug|Any CPU
		{005A5B3C-0952-4B2B-8041-B90729BA61D6}.Debug|iPhoneSimulator.ActiveCfg = Debug|Any CPU
		{005A5B3C-0952-4B2B-8041-B90729BA61D6}.Debug|iPhoneSimulator.Build.0 = Debug|Any CPU
		{005A5B3C-0952-4B2B-8041-B90729BA61D6}.Debug|x64.ActiveCfg = Debug|Any CPU
		{005A5B3C-0952-4B2B-8041-B90729BA61D6}.Debug|x64.Build.0 = Debug|Any CPU
		{005A5B3C-0952-4B2B-8041-B90729BA61D6}.Debug|x86.ActiveCfg = Debug|Any CPU
		{005A5B3C-0952-4B2B-8041-B90729BA61D6}.Debug|x86.Build.0 = Debug|Any CPU
		{005A5B3C-0952-4B2B-8041-B90729BA61D6}.Release|Any CPU.ActiveCfg = Release|Any CPU
		{005A5B3C-0952-4B2B-8041-B90729BA61D6}.Release|Any CPU.Build.0 = Release|Any CPU
		{005A5B3C-0952-4B2B-8041-B90729BA61D6}.Release|ARM.ActiveCfg = Release|Any CPU
		{005A5B3C-0952-4B2B-8041-B90729BA61D6}.Release|ARM.Build.0 = Release|Any CPU
		{005A5B3C-0952-4B2B-8041-B90729BA61D6}.Release|iPhone.ActiveCfg = Release|Any CPU
		{005A5B3C-0952-4B2B-8041-B90729BA61D6}.Release|iPhone.Build.0 = Release|Any CPU
		{005A5B3C-0952-4B2B-8041-B90729BA61D6}.Release|iPhoneSimulator.ActiveCfg = Release|Any CPU
		{005A5B3C-0952-4B2B-8041-B90729BA61D6}.Release|iPhoneSimulator.Build.0 = Release|Any CPU
		{005A5B3C-0952-4B2B-8041-B90729BA61D6}.Release|x64.ActiveCfg = Release|Any CPU
		{005A5B3C-0952-4B2B-8041-B90729BA61D6}.Release|x64.Build.0 = Release|Any CPU
		{005A5B3C-0952-4B2B-8041-B90729BA61D6}.Release|x86.ActiveCfg = Release|Any CPU
		{005A5B3C-0952-4B2B-8041-B90729BA61D6}.Release|x86.Build.0 = Release|Any CPU
	EndGlobalSection
	GlobalSection(SolutionProperties) = preSolution
		HideSolutionNode = FALSE
	EndGlobalSection
	GlobalSection(NestedProjects) = preSolution
		{005A5B3C-0952-4B2B-8041-B90729BA61D6} = {2BDAF790-FBFA-42EC-8CE5-F09138C64835}
	EndGlobalSection
EndGlobal
